// !$*UTF8*$!
{
	archiveVersion = 1;
	classes = {
	};
	objectVersion = 56;
	objects = {

/* Begin PBXBuildFile section */
		963C0F022BC64AB200B685E2 /* DeviceProvider.swift in Sources */ = {isa = PBXBuildFile; fileRef = 963C0F012BC64AB200B685E2 /* DeviceProvider.swift */; };
		963C0F042BC64B4E00B685E2 /* StreamScanner.swift in Sources */ = {isa = PBXBuildFile; fileRef = 963C0F032BC64B4E00B685E2 /* StreamScanner.swift */; };
		965C67972BC3E37900E7D8FA /* Auracast_ManagerApp.swift in Sources */ = {isa = PBXBuildFile; fileRef = 965C67962BC3E37900E7D8FA /* Auracast_ManagerApp.swift */; };
		965C67992BC3E37900E7D8FA /* ContentView.swift in Sources */ = {isa = PBXBuildFile; fileRef = 965C67982BC3E37900E7D8FA /* ContentView.swift */; };
		965C679B2BC3E37A00E7D8FA /* Assets.xcassets in Resources */ = {isa = PBXBuildFile; fileRef = 965C679A2BC3E37A00E7D8FA /* Assets.xcassets */; };
		965C679E2BC3E37A00E7D8FA /* Preview Assets.xcassets in Resources */ = {isa = PBXBuildFile; fileRef = 965C679D2BC3E37A00E7D8FA /* Preview Assets.xcassets */; };
		96B418AB2BC4EB74005A2844 /* MenuItem.swift in Sources */ = {isa = PBXBuildFile; fileRef = 96B418AA2BC4EB74005A2844 /* MenuItem.swift */; };
		96B418AD2BC4EB8E005A2844 /* ManagementModel.swift in Sources */ = {isa = PBXBuildFile; fileRef = 96B418AC2BC4EB8E005A2844 /* ManagementModel.swift */; };
		96B418B02BC51D9A005A2844 /* BroadcastGroupView.swift in Sources */ = {isa = PBXBuildFile; fileRef = 96B418AF2BC51D9A005A2844 /* BroadcastGroupView.swift */; };
		96B418B22BC523E6005A2844 /* HiFiView.swift in Sources */ = {isa = PBXBuildFile; fileRef = 96B418B12BC523E6005A2844 /* HiFiView.swift */; };
		96B418B42BC523F0005A2844 /* PodsView.swift in Sources */ = {isa = PBXBuildFile; fileRef = 96B418B32BC523F0005A2844 /* PodsView.swift */; };
		96F29CC52C3403000002A22D /* BanfiPartnersView.swift in Sources */ = {isa = PBXBuildFile; fileRef = 96F29CC42C3403000002A22D /* BanfiPartnersView.swift */; };
		96F29CC72C3403480002A22D /* BanfiFreePremiumServiceView.swift in Sources */ = {isa = PBXBuildFile; fileRef = 96F29CC62C3403480002A22D /* BanfiFreePremiumServiceView.swift */; };
		96F29CCA2C34214E0002A22D /* FreeServiceView.swift in Sources */ = {isa = PBXBuildFile; fileRef = 96F29CC92C34214E0002A22D /* FreeServiceView.swift */; };
		96F29CCC2C3421970002A22D /* ProjectBaseServiceView.swift in Sources */ = {isa = PBXBuildFile; fileRef = 96F29CCB2C3421970002A22D /* ProjectBaseServiceView.swift */; };
		96F29CCE2C34247E0002A22D /* PremiumServiceView.swift in Sources */ = {isa = PBXBuildFile; fileRef = 96F29CCD2C34247E0002A22D /* PremiumServiceView.swift */; };
		96F29CD02C345DEF0002A22D /* KeyboardResponder.swift in Sources */ = {isa = PBXBuildFile; fileRef = 96F29CCF2C345DEF0002A22D /* KeyboardResponder.swift */; };
/* End PBXBuildFile section */

/* Begin PBXFileReference section */
		963C0F012BC64AB200B685E2 /* DeviceProvider.swift */ = {isa = PBXFileReference; lastKnownFileType = sourcecode.swift; path = DeviceProvider.swift; sourceTree = "<group>"; };
		963C0F032BC64B4E00B685E2 /* StreamScanner.swift */ = {isa = PBXFileReference; lastKnownFileType = sourcecode.swift; path = StreamScanner.swift; sourceTree = "<group>"; };
		965C67932BC3E37900E7D8FA /* Auracast Manager.app */ = {isa = PBXFileReference; explicitFileType = wrapper.application; includeInIndex = 0; path = "Auracast Manager.app"; sourceTree = BUILT_PRODUCTS_DIR; };
		965C67962BC3E37900E7D8FA /* Auracast_ManagerApp.swift */ = {isa = PBXFileReference; lastKnownFileType = sourcecode.swift; path = Auracast_ManagerApp.swift; sourceTree = "<group>"; };
		965C67982BC3E37900E7D8FA /* ContentView.swift */ = {isa = PBXFileReference; lastKnownFileType = sourcecode.swift; path = ContentView.swift; sourceTree = "<group>"; };
		965C679A2BC3E37A00E7D8FA /* Assets.xcassets */ = {isa = PBXFileReference; lastKnownFileType = folder.assetcatalog; path = Assets.xcassets; sourceTree = "<group>"; };
		965C679D2BC3E37A00E7D8FA /* Preview Assets.xcassets */ = {isa = PBXFileReference; lastKnownFileType = folder.assetcatalog; path = "Preview Assets.xcassets"; sourceTree = "<group>"; };
		96B418AA2BC4EB74005A2844 /* MenuItem.swift */ = {isa = PBXFileReference; lastKnownFileType = sourcecode.swift; path = MenuItem.swift; sourceTree = "<group>"; };
		96B418AC2BC4EB8E005A2844 /* ManagementModel.swift */ = {isa = PBXFileReference; lastKnownFileType = sourcecode.swift; path = ManagementModel.swift; sourceTree = "<group>"; };
		96B418AF2BC51D9A005A2844 /* BroadcastGroupView.swift */ = {isa = PBXFileReference; lastKnownFileType = sourcecode.swift; path = BroadcastGroupView.swift; sourceTree = "<group>"; };
		96B418B12BC523E6005A2844 /* HiFiView.swift */ = {isa = PBXFileReference; lastKnownFileType = sourcecode.swift; path = HiFiView.swift; sourceTree = "<group>"; };
		96B418B32BC523F0005A2844 /* PodsView.swift */ = {isa = PBXFileReference; lastKnownFileType = sourcecode.swift; path = PodsView.swift; sourceTree = "<group>"; };
		96F29CC42C3403000002A22D /* BanfiPartnersView.swift */ = {isa = PBXFileReference; lastKnownFileType = sourcecode.swift; path = BanfiPartnersView.swift; sourceTree = "<group>"; };
		96F29CC62C3403480002A22D /* BanfiFreePremiumServiceView.swift */ = {isa = PBXFileReference; lastKnownFileType = sourcecode.swift; path = BanfiFreePremiumServiceView.swift; sourceTree = "<group>"; };
		96F29CC92C34214E0002A22D /* FreeServiceView.swift */ = {isa = PBXFileReference; lastKnownFileType = sourcecode.swift; path = FreeServiceView.swift; sourceTree = "<group>"; };
		96F29CCB2C3421970002A22D /* ProjectBaseServiceView.swift */ = {isa = PBXFileReference; lastKnownFileType = sourcecode.swift; path = ProjectBaseServiceView.swift; sourceTree = "<group>"; };
		96F29CCD2C34247E0002A22D /* PremiumServiceView.swift */ = {isa = PBXFileReference; lastKnownFileType = sourcecode.swift; path = PremiumServiceView.swift; sourceTree = "<group>"; };
		96F29CCF2C345DEF0002A22D /* KeyboardResponder.swift */ = {isa = PBXFileReference; lastKnownFileType = sourcecode.swift; path = KeyboardResponder.swift; sourceTree = "<group>"; };
/* End PBXFileReference section */

/* Begin PBXFrameworksBuildPhase section */
		965C67902BC3E37800E7D8FA /* Frameworks */ = {
			isa = PBXFrameworksBuildPhase;
			buildActionMask = 2147483647;
			files = (
			);
			runOnlyForDeploymentPostprocessing = 0;
		};
/* End PBXFrameworksBuildPhase section */

/* Begin PBXGroup section */
		963C0F002BC64A9D00B685E2 /* Model */ = {
			isa = PBXGroup;
			children = (
				963C0F012BC64AB200B685E2 /* DeviceProvider.swift */,
				963C0F032BC64B4E00B685E2 /* StreamScanner.swift */,
			);
			path = Model;
			sourceTree = "<group>";
		};
		965C678A2BC3E37800E7D8FA = {
			isa = PBXGroup;
			children = (
				965C67952BC3E37900E7D8FA /* Auracast Manager */,
				965C67942BC3E37900E7D8FA /* Products */,
			);
			sourceTree = "<group>";
		};
		965C67942BC3E37900E7D8FA /* Products */ = {
			isa = PBXGroup;
			children = (
				965C67932BC3E37900E7D8FA /* Auracast Manager.app */,
			);
			name = Products;
			sourceTree = "<group>";
		};
		965C67952BC3E37900E7D8FA /* Auracast Manager */ = {
			isa = PBXGroup;
			children = (
				96F29CC12C33F6FC0002A22D /* Model */,
				96F29CC02C33F6E80002A22D /* Setting */,
				96F29CBF2C33F6DB0002A22D /* Manage */,
				965C67962BC3E37900E7D8FA /* Auracast_ManagerApp.swift */,
				965C67982BC3E37900E7D8FA /* ContentView.swift */,
				965C679A2BC3E37A00E7D8FA /* Assets.xcassets */,
				965C679C2BC3E37A00E7D8FA /* Preview Content */,
			);
			path = "Auracast Manager";
			sourceTree = "<group>";
		};
		965C679C2BC3E37A00E7D8FA /* Preview Content */ = {
			isa = PBXGroup;
			children = (
				965C679D2BC3E37A00E7D8FA /* Preview Assets.xcassets */,
			);
			path = "Preview Content";
			sourceTree = "<group>";
		};
		96B418AE2BC51D6C005A2844 /* View */ = {
			isa = PBXGroup;
			children = (
				96B418AF2BC51D9A005A2844 /* BroadcastGroupView.swift */,
				96B418B12BC523E6005A2844 /* HiFiView.swift */,
				96B418B32BC523F0005A2844 /* PodsView.swift */,
			);
			path = View;
			sourceTree = "<group>";
		};
		96F29CBF2C33F6DB0002A22D /* Manage */ = {
			isa = PBXGroup;
			children = (
				963C0F002BC64A9D00B685E2 /* Model */,
				96B418AE2BC51D6C005A2844 /* View */,
			);
			path = Manage;
			sourceTree = "<group>";
		};
		96F29CC02C33F6E80002A22D /* Setting */ = {
			isa = PBXGroup;
			children = (
				96F29CC22C33F73D0002A22D /* Model */,
				96F29CC32C33F74B0002A22D /* View */,
			);
			path = Setting;
			sourceTree = "<group>";
		};
		96F29CC12C33F6FC0002A22D /* Model */ = {
			isa = PBXGroup;
			children = (
				96B418AC2BC4EB8E005A2844 /* ManagementModel.swift */,
				96B418AA2BC4EB74005A2844 /* MenuItem.swift */,
				96F29CCF2C345DEF0002A22D /* KeyboardResponder.swift */,
			);
			path = Model;
			sourceTree = "<group>";
		};
		96F29CC22C33F73D0002A22D /* Model */ = {
			isa = PBXGroup;
			children = (
			);
			path = Model;
			sourceTree = "<group>";
		};
		96F29CC32C33F74B0002A22D /* View */ = {
			isa = PBXGroup;
			children = (
				96F29CC82C3421410002A22D /* Service */,
				96F29CC42C3403000002A22D /* BanfiPartnersView.swift */,
				96F29CC62C3403480002A22D /* BanfiFreePremiumServiceView.swift */,
			);
			path = View;
			sourceTree = "<group>";
		};
		96F29CC82C3421410002A22D /* Service */ = {
			isa = PBXGroup;
			children = (
				96F29CC92C34214E0002A22D /* FreeServiceView.swift */,
				96F29CCD2C34247E0002A22D /* PremiumServiceView.swift */,
				96F29CCB2C3421970002A22D /* ProjectBaseServiceView.swift */,
			);
			path = Service;
			sourceTree = "<group>";
		};
/* End PBXGroup section */

/* Begin PBXNativeTarget section */
		965C67922BC3E37800E7D8FA /* Auracast Manager */ = {
			isa = PBXNativeTarget;
			buildConfigurationList = 965C67A12BC3E37A00E7D8FA /* Build configuration list for PBXNativeTarget "Auracast Manager" */;
			buildPhases = (
				965C678F2BC3E37800E7D8FA /* Sources */,
				965C67902BC3E37800E7D8FA /* Frameworks */,
				965C67912BC3E37800E7D8FA /* Resources */,
			);
			buildRules = (
			);
			dependencies = (
			);
			name = "Auracast Manager";
			productName = "Auracast Manager";
			productReference = 965C67932BC3E37900E7D8FA /* Auracast Manager.app */;
			productType = "com.apple.product-type.application";
		};
/* End PBXNativeTarget section */

/* Begin PBXProject section */
		965C678B2BC3E37800E7D8FA /* Project object */ = {
			isa = PBXProject;
			attributes = {
				BuildIndependentTargetsInParallel = 1;
				LastSwiftUpdateCheck = 1530;
				LastUpgradeCheck = 1530;
				TargetAttributes = {
					965C67922BC3E37800E7D8FA = {
						CreatedOnToolsVersion = 15.3;
					};
				};
			};
			buildConfigurationList = 965C678E2BC3E37800E7D8FA /* Build configuration list for PBXProject "Auracast Manager" */;
			compatibilityVersion = "Xcode 14.0";
			developmentRegion = en;
			hasScannedForEncodings = 0;
			knownRegions = (
				en,
				Base,
			);
			mainGroup = 965C678A2BC3E37800E7D8FA;
			productRefGroup = 965C67942BC3E37900E7D8FA /* Products */;
			projectDirPath = "";
			projectRoot = "";
			targets = (
				965C67922BC3E37800E7D8FA /* Auracast Manager */,
			);
		};
/* End PBXProject section */

/* Begin PBXResourcesBuildPhase section */
		965C67912BC3E37800E7D8FA /* Resources */ = {
			isa = PBXResourcesBuildPhase;
			buildActionMask = 2147483647;
			files = (
				965C679E2BC3E37A00E7D8FA /* Preview Assets.xcassets in Resources */,
				965C679B2BC3E37A00E7D8FA /* Assets.xcassets in Resources */,
			);
			runOnlyForDeploymentPostprocessing = 0;
		};
/* End PBXResourcesBuildPhase section */

/* Begin PBXSourcesBuildPhase section */
		965C678F2BC3E37800E7D8FA /* Sources */ = {
			isa = PBXSourcesBuildPhase;
			buildActionMask = 2147483647;
			files = (
				96F29CC72C3403480002A22D /* BanfiFreePremiumServiceView.swift in Sources */,
				96B418B22BC523E6005A2844 /* HiFiView.swift in Sources */,
				96F29CCE2C34247E0002A22D /* PremiumServiceView.swift in Sources */,
				963C0F042BC64B4E00B685E2 /* StreamScanner.swift in Sources */,
				96B418AB2BC4EB74005A2844 /* MenuItem.swift in Sources */,
				963C0F022BC64AB200B685E2 /* DeviceProvider.swift in Sources */,
				96F29CC52C3403000002A22D /* BanfiPartnersView.swift in Sources */,
				96B418B42BC523F0005A2844 /* PodsView.swift in Sources */,
				96F29CD02C345DEF0002A22D /* KeyboardResponder.swift in Sources */,
				965C67992BC3E37900E7D8FA /* ContentView.swift in Sources */,
				96B418AD2BC4EB8E005A2844 /* ManagementModel.swift in Sources */,
				96B418B02BC51D9A005A2844 /* BroadcastGroupView.swift in Sources */,
				96F29CCA2C34214E0002A22D /* FreeServiceView.swift in Sources */,
				96F29CCC2C3421970002A22D /* ProjectBaseServiceView.swift in Sources */,
				965C67972BC3E37900E7D8FA /* Auracast_ManagerApp.swift in Sources */,
			);
			runOnlyForDeploymentPostprocessing = 0;
		};
/* End PBXSourcesBuildPhase section */

/* Begin XCBuildConfiguration section */
		965C679F2BC3E37A00E7D8FA /* Debug */ = {
			isa = XCBuildConfiguration;
			buildSettings = {
				ALWAYS_SEARCH_USER_PATHS = NO;
				ASSETCATALOG_COMPILER_GENERATE_SWIFT_ASSET_SYMBOL_EXTENSIONS = YES;
				CLANG_ANALYZER_NONNULL = YES;
				CLANG_ANALYZER_NUMBER_OBJECT_CONVERSION = YES_AGGRESSIVE;
				CLANG_CXX_LANGUAGE_STANDARD = "gnu++20";
				CLANG_ENABLE_MODULES = YES;
				CLANG_ENABLE_OBJC_ARC = YES;
				CLANG_ENABLE_OBJC_WEAK = YES;
				CLANG_WARN_BLOCK_CAPTURE_AUTORELEASING = YES;
				CLANG_WARN_BOOL_CONVERSION = YES;
				CLANG_WARN_COMMA = YES;
				CLANG_WARN_CONSTANT_CONVERSION = YES;
				CLANG_WARN_DEPRECATED_OBJC_IMPLEMENTATIONS = YES;
				CLANG_WARN_DIRECT_OBJC_ISA_USAGE = YES_ERROR;
				CLANG_WARN_DOCUMENTATION_COMMENTS = YES;
				CLANG_WARN_EMPTY_BODY = YES;
				CLANG_WARN_ENUM_CONVERSION = YES;
				CLANG_WARN_INFINITE_RECURSION = YES;
				CLANG_WARN_INT_CONVERSION = YES;
				CLANG_WARN_NON_LITERAL_NULL_CONVERSION = YES;
				CLANG_WARN_OBJC_IMPLICIT_RETAIN_SELF = YES;
				CLANG_WARN_OBJC_LITERAL_CONVERSION = YES;
				CLANG_WARN_OBJC_ROOT_CLASS = YES_ERROR;
				CLANG_WARN_QUOTED_INCLUDE_IN_FRAMEWORK_HEADER = YES;
				CLANG_WARN_RANGE_LOOP_ANALYSIS = YES;
				CLANG_WARN_STRICT_PROTOTYPES = YES;
				CLANG_WARN_SUSPICIOUS_MOVE = YES;
				CLANG_WARN_UNGUARDED_AVAILABILITY = YES_AGGRESSIVE;
				CLANG_WARN_UNREACHABLE_CODE = YES;
				CLANG_WARN__DUPLICATE_METHOD_MATCH = YES;
				COPY_PHASE_STRIP = NO;
				DEBUG_INFORMATION_FORMAT = dwarf;
				ENABLE_STRICT_OBJC_MSGSEND = YES;
				ENABLE_TESTABILITY = YES;
				ENABLE_USER_SCRIPT_SANDBOXING = YES;
				GCC_C_LANGUAGE_STANDARD = gnu17;
				GCC_DYNAMIC_NO_PIC = NO;
				GCC_NO_COMMON_BLOCKS = YES;
				GCC_OPTIMIZATION_LEVEL = 0;
				GCC_PREPROCESSOR_DEFINITIONS = (
					"DEBUG=1",
					"$(inherited)",
				);
				GCC_WARN_64_TO_32_BIT_CONVERSION = YES;
				GCC_WARN_ABOUT_RETURN_TYPE = YES_ERROR;
				GCC_WARN_UNDECLARED_SELECTOR = YES;
				GCC_WARN_UNINITIALIZED_AUTOS = YES_AGGRESSIVE;
				GCC_WARN_UNUSED_FUNCTION = YES;
				GCC_WARN_UNUSED_VARIABLE = YES;
				IPHONEOS_DEPLOYMENT_TARGET = 17.4;
				LOCALIZATION_PREFERS_STRING_CATALOGS = YES;
				MTL_ENABLE_DEBUG_INFO = INCLUDE_SOURCE;
				MTL_FAST_MATH = YES;
				ONLY_ACTIVE_ARCH = YES;
				SDKROOT = iphoneos;
				SWIFT_ACTIVE_COMPILATION_CONDITIONS = "DEBUG $(inherited)";
				SWIFT_OPTIMIZATION_LEVEL = "-Onone";
			};
			name = Debug;
		};
		965C67A02BC3E37A00E7D8FA /* Release */ = {
			isa = XCBuildConfiguration;
			buildSettings = {
				ALWAYS_SEARCH_USER_PATHS = NO;
				ASSETCATALOG_COMPILER_GENERATE_SWIFT_ASSET_SYMBOL_EXTENSIONS = YES;
				CLANG_ANALYZER_NONNULL = YES;
				CLANG_ANALYZER_NUMBER_OBJECT_CONVERSION = YES_AGGRESSIVE;
				CLANG_CXX_LANGUAGE_STANDARD = "gnu++20";
				CLANG_ENABLE_MODULES = YES;
				CLANG_ENABLE_OBJC_ARC = YES;
				CLANG_ENABLE_OBJC_WEAK = YES;
				CLANG_WARN_BLOCK_CAPTURE_AUTORELEASING = YES;
				CLANG_WARN_BOOL_CONVERSION = YES;
				CLANG_WARN_COMMA = YES;
				CLANG_WARN_CONSTANT_CONVERSION = YES;
				CLANG_WARN_DEPRECATED_OBJC_IMPLEMENTATIONS = YES;
				CLANG_WARN_DIRECT_OBJC_ISA_USAGE = YES_ERROR;
				CLANG_WARN_DOCUMENTATION_COMMENTS = YES;
				CLANG_WARN_EMPTY_BODY = YES;
				CLANG_WARN_ENUM_CONVERSION = YES;
				CLANG_WARN_INFINITE_RECURSION = YES;
				CLANG_WARN_INT_CONVERSION = YES;
				CLANG_WARN_NON_LITERAL_NULL_CONVERSION = YES;
				CLANG_WARN_OBJC_IMPLICIT_RETAIN_SELF = YES;
				CLANG_WARN_OBJC_LITERAL_CONVERSION = YES;
				CLANG_WARN_OBJC_ROOT_CLASS = YES_ERROR;
				CLANG_WARN_QUOTED_INCLUDE_IN_FRAMEWORK_HEADER = YES;
				CLANG_WARN_RANGE_LOOP_ANALYSIS = YES;
				CLANG_WARN_STRICT_PROTOTYPES = YES;
				CLANG_WARN_SUSPICIOUS_MOVE = YES;
				CLANG_WARN_UNGUARDED_AVAILABILITY = YES_AGGRESSIVE;
				CLANG_WARN_UNREACHABLE_CODE = YES;
				CLANG_WARN__DUPLICATE_METHOD_MATCH = YES;
				COPY_PHASE_STRIP = NO;
				DEBUG_INFORMATION_FORMAT = "dwarf-with-dsym";
				ENABLE_NS_ASSERTIONS = NO;
				ENABLE_STRICT_OBJC_MSGSEND = YES;
				ENABLE_USER_SCRIPT_SANDBOXING = YES;
				GCC_C_LANGUAGE_STANDARD = gnu17;
				GCC_NO_COMMON_BLOCKS = YES;
				GCC_WARN_64_TO_32_BIT_CONVERSION = YES;
				GCC_WARN_ABOUT_RETURN_TYPE = YES_ERROR;
				GCC_WARN_UNDECLARED_SELECTOR = YES;
				GCC_WARN_UNINITIALIZED_AUTOS = YES_AGGRESSIVE;
				GCC_WARN_UNUSED_FUNCTION = YES;
				GCC_WARN_UNUSED_VARIABLE = YES;
				IPHONEOS_DEPLOYMENT_TARGET = 17.4;
				LOCALIZATION_PREFERS_STRING_CATALOGS = YES;
				MTL_ENABLE_DEBUG_INFO = NO;
				MTL_FAST_MATH = YES;
				SDKROOT = iphoneos;
				SWIFT_COMPILATION_MODE = wholemodule;
				VALIDATE_PRODUCT = YES;
			};
			name = Release;
		};
		965C67A22BC3E37A00E7D8FA /* Debug */ = {
			isa = XCBuildConfiguration;
			buildSettings = {
				ASSETCATALOG_COMPILER_APPICON_NAME = AppIcon;
				ASSETCATALOG_COMPILER_GLOBAL_ACCENT_COLOR_NAME = AccentColor;
				CODE_SIGN_STYLE = Automatic;
				CURRENT_PROJECT_VERSION = 3;
				DEVELOPMENT_ASSET_PATHS = "\"Auracast Manager/Preview Content\"";
				DEVELOPMENT_TEAM = DTD7729B7S;
				ENABLE_PREVIEWS = YES;
				GENERATE_INFOPLIST_FILE = YES;
				INFOPLIST_KEY_CFBundleDisplayName = "BANFi Auracast";
				INFOPLIST_KEY_LSApplicationCategoryType = "public.app-category.utilities";
				INFOPLIST_KEY_UIApplicationSceneManifest_Generation = YES;
				INFOPLIST_KEY_UIApplicationSupportsIndirectInputEvents = YES;
				INFOPLIST_KEY_UILaunchScreen_Generation = YES;
				INFOPLIST_KEY_UISupportedInterfaceOrientations_iPad = "UIInterfaceOrientationPortrait UIInterfaceOrientationPortraitUpsideDown UIInterfaceOrientationLandscapeLeft UIInterfaceOrientationLandscapeRight";
				INFOPLIST_KEY_UISupportedInterfaceOrientations_iPhone = "UIInterfaceOrientationPortrait UIInterfaceOrientationLandscapeLeft UIInterfaceOrientationLandscapeRight";
				LD_RUNPATH_SEARCH_PATHS = (
					"$(inherited)",
					"@executable_path/Frameworks",
				);
				MARKETING_VERSION = 1.0.0;
				PRODUCT_BUNDLE_IDENTIFIER = com.banfi.auracastmanager;
				PRODUCT_NAME = "$(TARGET_NAME)";
				SWIFT_EMIT_LOC_STRINGS = YES;
				SWIFT_VERSION = 5.0;
				TARGETED_DEVICE_FAMILY = "1,2";
			};
			name = Debug;
		};
		965C67A32BC3E37A00E7D8FA /* Release */ = {
			isa = XCBuildConfiguration;
			buildSettings = {
				ASSETCATALOG_COMPILER_APPICON_NAME = AppIcon;
				ASSETCATALOG_COMPILER_GLOBAL_ACCENT_COLOR_NAME = AccentColor;
				CODE_SIGN_STYLE = Automatic;
				CURRENT_PROJECT_VERSION = 3;
				DEVELOPMENT_ASSET_PATHS = "\"Auracast Manager/Preview Content\"";
				DEVELOPMENT_TEAM = DTD7729B7S;
				ENABLE_PREVIEWS = YES;
				GENERATE_INFOPLIST_FILE = YES;
				INFOPLIST_KEY_CFBundleDisplayName = "BANFi Auracast";
				INFOPLIST_KEY_LSApplicationCategoryType = "public.app-category.utilities";
				INFOPLIST_KEY_UIApplicationSceneManifest_Generation = YES;
				INFOPLIST_KEY_UIApplicationSupportsIndirectInputEvents = YES;
				INFOPLIST_KEY_UILaunchScreen_Generation = YES;
				INFOPLIST_KEY_UISupportedInterfaceOrientations_iPad = "UIInterfaceOrientationPortrait UIInterfaceOrientationPortraitUpsideDown UIInterfaceOrientationLandscapeLeft UIInterfaceOrientationLandscapeRight";
				INFOPLIST_KEY_UISupportedInterfaceOrientations_iPhone = "UIInterfaceOrientationPortrait UIInterfaceOrientationLandscapeLeft UIInterfaceOrientationLandscapeRight";
				LD_RUNPATH_SEARCH_PATHS = (
					"$(inherited)",
					"@executable_path/Frameworks",
				);
				MARKETING_VERSION = 1.0.0;
				PRODUCT_BUNDLE_IDENTIFIER = com.banfi.auracastmanager;
				PRODUCT_NAME = "$(TARGET_NAME)";
				SWIFT_EMIT_LOC_STRINGS = YES;
				SWIFT_VERSION = 5.0;
				TARGETED_DEVICE_FAMILY = "1,2";
			};
			name = Release;
		};
/* End XCBuildConfiguration section */

/* Begin XCConfigurationList section */
		965C678E2BC3E37800E7D8FA /* Build configuration list for PBXProject "Auracast Manager" */ = {
			isa = XCConfigurationList;
			buildConfigurations = (
				965C679F2BC3E37A00E7D8FA /* Debug */,
				965C67A02BC3E37A00E7D8FA /* Release */,
			);
			defaultConfigurationIsVisible = 0;
			defaultConfigurationName = Release;
		};
		965C67A12BC3E37A00E7D8FA /* Build configuration list for PBXNativeTarget "Auracast Manager" */ = {
			isa = XCConfigurationList;
			buildConfigurations = (
				965C67A22BC3E37A00E7D8FA /* Debug */,
				965C67A32BC3E37A00E7D8FA /* Release */,
			);
			defaultConfigurationIsVisible = 0;
			defaultConfigurationName = Release;
		};
/* End XCConfigurationList section */
	};
	rootObject = 965C678B2BC3E37800E7D8FA /* Project object */;
}
